Microsoft Visual Studio Solution File, Format Version 12.00
# Visual Studio Version 17
VisualStudioVersion = 17.5.2.0
MinimumVisualStudioVersion = 10.0.40219.1
Project("{FAE04EC0-301F-11D3-BF4B-00C04F79EFBC}") = "RunMyCS", "RunMyCS.csproj", "{8130D94B-A13F-E8C8-290C-1FE57E87AEDF}"
EndProject
Global
	GlobalSection(SolutionConfigurationPlatforms) = preSolution
		Debug|Any CPU = Debug|Any CPU
		Release|Any CPU = Release|Any CPU
	EndGlobalSection
	GlobalSection(ProjectConfigurationPlatforms) = postSolution
		{8130D94B-A13F-E8C8-290C-1FE57E87AEDF}.Debug|Any CPU.ActiveCfg = Debug|Any CPU
		{8130D94B-A13F-E8C8-290C-1FE57E87AEDF}.Debug|Any CPU.Build.0 = Debug|Any CPU
		{8130D94B-A13F-E8C8-290C-1FE57E87AEDF}.Release|Any CPU.ActiveCfg = Release|Any CPU
		{8130D94B-A13F-E8C8-290C-1FE57E87AEDF}.Release|Any CPU.Build.0 = Release|Any CPU
	EndGlobalSection
	GlobalSection(SolutionProperties) = preSolution
		HideSolutionNode = FALSE
	EndGlobalSection
	GlobalSection(ExtensibilityGlobals) = postSolution
		SolutionGuid = {D7C56E95-6559-41FF-9C2C-3E13FECCD3E7}
	EndGlobalSection
EndGlobal
